Microsoft Visual Studio Solution File, Format Version 12.00
# Visual Studio Version 17
VisualStudioVersion = 17.5.2.0
MinimumVisualStudioVersion = 10.0.40219.1
Project("{FAE04EC0-301F-11D3-BF4B-00C04F79EFBC}") = "ClashRuleEngine", "ClashRuleEngine.csproj", "{282CFABD-5774-204B-38D5-9727FE765868}"
EndProject
Global
	GlobalSection(SolutionConfigurationPlatforms) = preSolution
		Debug|Any CPU = Debug|Any CPU
		Release|Any CPU = Release|Any CPU
	EndGlobalSection
	GlobalSection(ProjectConfigurationPlatforms) = postSolution
		{282CFABD-5774-204B-38D5-9727FE765868}.Debug|Any CPU.ActiveCfg = Debug|Any CPU
		{282CFABD-5774-204B-38D5-9727FE765868}.Debug|Any CPU.Build.0 = Debug|Any CPU
		{282CFABD-5774-204B-38D5-9727FE765868}.Release|Any CPU.ActiveCfg = Release|Any CPU
		{282CFABD-5774-204B-38D5-9727FE765868}.Release|Any CPU.Build.0 = Release|Any CPU
	EndGlobalSection
	GlobalSection(SolutionProperties) = preSolution
		HideSolutionNode = FALSE
	EndGlobalSection
	GlobalSection(ExtensibilityGlobals) = postSolution
		SolutionGuid = {7BB4F5E4-D3B0-4928-8DAB-0F6D903F9A3C}
	EndGlobalSection
EndGlobal
